// !$*UTF8*$!
{
	archiveVersion = 1;
	classes = {
	};
	objectVersion = 46;
	objects = {

/* Begin PBXBuildFile section */
		71C194E01679627B003621C0 /* UIKit.framework in Frameworks */ = {isa = PBXBuildFile; fileRef = 71C194DF1679627B003621C0 /* UIKit.framework */; };
		71C194E21679627B003621C0 /* Foundation.framework in Frameworks */ = {isa = PBXBuildFile; fileRef = 71C194E11679627B003621C0 /* Foundation.framework */; };
		71C194E41679627B003621C0 /* CoreGraphics.framework in Frameworks */ = {isa = PBXBuildFile; fileRef = 71C194E31679627B003621C0 /* CoreGraphics.framework */; };
		71C194EA1679627B003621C0 /* InfoPlist.strings in Resources */ = {isa = PBXBuildFile; fileRef = 71C194E81679627B003621C0 /* InfoPlist.strings */; };
		71C194EC1679627B003621C0 /* main.m in Sources */ = {isa = PBXBuildFile; fileRef = 71C194EB1679627B003621C0 /* main.m */; };
		71C194F01679627B003621C0 /* AppDelegate.m in Sources */ = {isa = PBXBuildFile; fileRef = 71C194EF1679627B003621C0 /* AppDelegate.m */; };
		71C194F21679627B003621C0 /* Default.png in Resources */ = {isa = PBXBuildFile; fileRef = 71C194F11679627B003621C0 /* Default.png */; };
		71C194F41679627B003621C0 /* Default@2x.png in Resources */ = {isa = PBXBuildFile; fileRef = 71C194F31679627B003621C0 /* Default@2x.png */; };
		71C194F61679627B003621C0 /* Default-568h@2x.png in Resources */ = {isa = PBXBuildFile; fileRef = 71C194F51679627B003621C0 /* Default-568h@2x.png */; };
		71C194F91679627B003621C0 /* ViewController.m in Sources */ = {isa = PBXBuildFile; fileRef = 71C194F81679627B003621C0 /* ViewController.m */; };
		71C194FC1679627B003621C0 /* ViewController.xib in Resources */ = {isa = PBXBuildFile; fileRef = 71C194FA1679627B003621C0 /* ViewController.xib */; };
		71C1950416796B32003621C0 /* MyUIApplication.m in Sources */ = {isa = PBXBuildFile; fileRef = 71C1950316796B32003621C0 /* MyUIApplication.m */; };
/* End PBXBuildFile section */

/* Begin PBXFileReference section */
		71C194DB1679627B003621C0 /* BluetoothKeyboardTest.app */ = {isa = PBXFileReference; explicitFileType = wrapper.application; includeInIndex = 0; path = BluetoothKeyboardTest.app; sourceTree = BUILT_PRODUCTS_DIR; };
		71C194DF1679627B003621C0 /* UIKit.framework */ = {isa = PBXFileReference; lastKnownFileType = wrapper.framework; name = UIKit.framework; path = System/Library/Frameworks/UIKit.framework; sourceTree = SDKROOT; };
		71C194E11679627B003621C0 /* Foundation.framework */ = {isa = PBXFileReference; lastKnownFileType = wrapper.framework; name = Foundation.framework; path = System/Library/Frameworks/Foundation.framework; sourceTree = SDKROOT; };
		71C194E31679627B003621C0 /* CoreGraphics.framework */ = {isa = PBXFileReference; lastKnownFileType = wrapper.framework; name = CoreGraphics.framework; path = System/Library/Frameworks/CoreGraphics.framework; sourceTree = SDKROOT; };
		71C194E71679627B003621C0 /* BluetoothKeyboardTest-Info.plist */ = {isa = PBXFileReference; lastKnownFileType = text.plist.xml; path = "BluetoothKeyboardTest-Info.plist"; sourceTree = "<group>"; };
		71C194E91679627B003621C0 /* en */ = {isa = PBXFileReference; lastKnownFileType = text.plist.strings; name = en; path = en.lproj/InfoPlist.strings; sourceTree = "<group>"; };
		71C194EB1679627B003621C0 /* main.m */ = {isa = PBXFileReference; lastKnownFileType = sourcecode.c.objc; path = main.m; sourceTree = "<group>"; };
		71C194ED1679627B003621C0 /* BluetoothKeyboardTest-Prefix.pch */ = {isa = PBXFileReference; lastKnownFileType = sourcecode.c.h; path = "BluetoothKeyboardTest-Prefix.pch"; sourceTree = "<group>"; };
		71C194EE1679627B003621C0 /* AppDelegate.h */ = {isa = PBXFileReference; lastKnownFileType = sourcecode.c.h; path = AppDelegate.h; sourceTree = "<group>"; };
		71C194EF1679627B003621C0 /* AppDelegate.m */ = {isa = PBXFileReference; lastKnownFileType = sourcecode.c.objc; path = AppDelegate.m; sourceTree = "<group>"; };
		71C194F11679627B003621C0 /* Default.png */ = {isa = PBXFileReference; lastKnownFileType = image.png; path = Default.png; sourceTree = "<group>"; };
		71C194F31679627B003621C0 /* Default@2x.png */ = {isa = PBXFileReference; lastKnownFileType = image.png; path = "Default@2x.png"; sourceTree = "<group>"; };
		71C194F51679627B003621C0 /* Default-568h@2x.png */ = {isa = PBXFileReference; lastKnownFileType = image.png; path = "Default-568h@2x.png"; sourceTree = "<group>"; };
		71C194F71679627B003621C0 /* ViewController.h */ = {isa = PBXFileReference; lastKnownFileType = sourcecode.c.h; path = ViewController.h; sourceTree = "<group>"; };
		71C194F81679627B003621C0 /* ViewController.m */ = {isa = PBXFileReference; lastKnownFileType = sourcecode.c.objc; path = ViewController.m; sourceTree = "<group>"; };
		71C194FB1679627B003621C0 /* en */ = {isa = PBXFileReference; lastKnownFileType = file.xib; name = en; path = en.lproj/ViewController.xib; sourceTree = "<group>"; };
		71C1950216796B32003621C0 /* MyUIApplication.h */ = {isa = PBXFileReference; fileEncoding = 4; lastKnownFileType = sourcecode.c.h; path = MyUIApplication.h; sourceTree = "<group>"; };
		71C1950316796B32003621C0 /* MyUIApplication.m */ = {isa = PBXFileReference; fileEncoding = 4; lastKnownFileType = sourcecode.c.objc; path = MyUIApplication.m; sourceTree = "<group>"; };
/* End PBXFileReference section */

/* Begin PBXFrameworksBuildPhase section */
		71C194D81679627B003621C0 /* Frameworks */ = {
			isa = PBXFrameworksBuildPhase;
			buildActionMask = 2147483647;
			files = (
				71C194E01679627B003621C0 /* UIKit.framework in Frameworks */,
				71C194E21679627B003621C0 /* Foundation.framework in Frameworks */,
				71C194E41679627B003621C0 /* CoreGraphics.framework in Frameworks */,
			);
			runOnlyForDeploymentPostprocessing = 0;
		};
/* End PBXFrameworksBuildPhase section */

/* Begin PBXGroup section */
		71C194D01679627B003621C0 = {
			isa = PBXGroup;
			children = (
				71C194E51679627B003621C0 /* BluetoothKeyboardTest */,
				71C194DE1679627B003621C0 /* Frameworks */,
				71C194DC1679627B003621C0 /* Products */,
			);
			sourceTree = "<group>";
		};
		71C194DC1679627B003621C0 /* Products */ = {
			isa = PBXGroup;
			children = (
				71C194DB1679627B003621C0 /* BluetoothKeyboardTest.app */,
			);
			name = Products;
			sourceTree = "<group>";
		};
		71C194DE1679627B003621C0 /* Frameworks */ = {
			isa = PBXGroup;
			children = (
				71C194DF1679627B003621C0 /* UIKit.framework */,
				71C194E11679627B003621C0 /* Foundation.framework */,
				71C194E31679627B003621C0 /* CoreGraphics.framework */,
			);
			name = Frameworks;
			sourceTree = "<group>";
		};
		71C194E51679627B003621C0 /* BluetoothKeyboardTest */ = {
			isa = PBXGroup;
			children = (
				71C194EE1679627B003621C0 /* AppDelegate.h */,
				71C194EF1679627B003621C0 /* AppDelegate.m */,
				71C194F71679627B003621C0 /* ViewController.h */,
				71C194F81679627B003621C0 /* ViewController.m */,
				71C194FA1679627B003621C0 /* ViewController.xib */,
				71C1950216796B32003621C0 /* MyUIApplication.h */,
				71C1950316796B32003621C0 /* MyUIApplication.m */,
				71C194E61679627B003621C0 /* Supporting Files */,
			);
			path = BluetoothKeyboardTest;
			sourceTree = "<group>";
		};
		71C194E61679627B003621C0 /* Supporting Files */ = {
			isa = PBXGroup;
			children = (
				71C194E71679627B003621C0 /* BluetoothKeyboardTest-Info.plist */,
				71C194E81679627B003621C0 /* InfoPlist.strings */,
				71C194EB1679627B003621C0 /* main.m */,
				71C194ED1679627B003621C0 /* BluetoothKeyboardTest-Prefix.pch */,
				71C194F11679627B003621C0 /* Default.png */,
				71C194F31679627B003621C0 /* Default@2x.png */,
				71C194F51679627B003621C0 /* Default-568h@2x.png */,
			);
			name = "Supporting Files";
			sourceTree = "<group>";
		};
/* End PBXGroup section */

/* Begin PBXNativeTarget section */
		71C194DA1679627B003621C0 /* BluetoothKeyboardTest */ = {
			isa = PBXNativeTarget;
			buildConfigurationList = 71C194FF1679627B003621C0 /* Build configuration list for PBXNativeTarget "BluetoothKeyboardTest" */;
			buildPhases = (
				71C194D71679627B003621C0 /* Sources */,
				71C194D81679627B003621C0 /* Frameworks */,
				71C194D91679627B003621C0 /* Resources */,
			);
			buildRules = (
			);
			dependencies = (
			);
			name = BluetoothKeyboardTest;
			productName = BluetoothKeyboardTest;
			productReference = 71C194DB1679627B003621C0 /* BluetoothKeyboardTest.app */;
			productType = "com.apple.product-type.application";
		};
/* End PBXNativeTarget section */

/* Begin PBXProject section */
		71C194D21679627B003621C0 /* Project object */ = {
			isa = PBXProject;
			attributes = {
				LastUpgradeCheck = 0450;
				ORGANIZATIONNAME = RyusukeHotta;
			};
			buildConfigurationList = 71C194D51679627B003621C0 /* Build configuration list for PBXProject "BluetoothKeyboardTest" */;
			compatibilityVersion = "Xcode 3.2";
			developmentRegion = English;
			hasScannedForEncodings = 0;
			knownRegions = (
				en,
			);
			mainGroup = 71C194D01679627B003621C0;
			productRefGroup = 71C194DC1679627B003621C0 /* Products */;
			projectDirPath = "";
			projectRoot = "";
			targets = (
				71C194DA1679627B003621C0 /* BluetoothKeyboardTest */,
			);
		};
/* End PBXProject section */

/* Begin PBXResourcesBuildPhase section */
		71C194D91679627B003621C0 /* Resources */ = {
			isa = PBXResourcesBuildPhase;
			buildActionMask = 2147483647;
			files = (
				71C194EA1679627B003621C0 /* InfoPlist.strings in Resources */,
				71C194F21679627B003621C0 /* Default.png in Resources */,
				71C194F41679627B003621C0 /* Default@2x.png in Resources */,
				71C194F61679627B003621C0 /* Default-568h@2x.png in Resources */,
				71C194FC1679627B003621C0 /* ViewController.xib in Resources */,
			);
			runOnlyForDeploymentPostprocessing = 0;
		};
/* End PBXResourcesBuildPhase section */

/* Begin PBXSourcesBuildPhase section */
		71C194D71679627B003621C0 /* Sources */ = {
			isa = PBXSourcesBuildPhase;
			buildActionMask = 2147483647;
			files = (
				71C194EC1679627B003621C0 /* main.m in Sources */,
				71C194F01679627B003621C0 /* AppDelegate.m in Sources */,
				71C194F91679627B003621C0 /* ViewController.m in Sources */,
				71C1950416796B32003621C0 /* MyUIApplication.m in Sources */,
			);
			runOnlyForDeploymentPostprocessing = 0;
		};
/* End PBXSourcesBuildPhase section */

/* Begin PBXVariantGroup section */
		71C194E81679627B003621C0 /* InfoPlist.strings */ = {
			isa = PBXVariantGroup;
			children = (
				71C194E91679627B003621C0 /* en */,
			);
			name = InfoPlist.strings;
			sourceTree = "<group>";
		};
		71C194FA1679627B003621C0 /* ViewController.xib */ = {
			isa = PBXVariantGroup;
			children = (
				71C194FB1679627B003621C0 /* en */,
			);
			name = ViewController.xib;
			sourceTree = "<group>";
		};
/* End PBXVariantGroup section */

/* Begin XCBuildConfiguration section */
		71C194FD1679627B003621C0 /* Debug */ = {
			isa = XCBuildConfiguration;
			buildSettings = {
				ALWAYS_SEARCH_USER_PATHS = NO;
				CLANG_CXX_LANGUAGE_STANDARD = "gnu++0x";
				CLANG_CXX_LIBRARY = "libc++";
				CLANG_WARN_EMPTY_BODY = YES;
				CLANG_WARN__DUPLICATE_METHOD_MATCH = YES;
				"CODE_SIGN_IDENTITY[sdk=iphoneos*]" = "iPhone Developer";
				COPY_PHASE_STRIP = NO;
				GCC_C_LANGUAGE_STANDARD = gnu99;
				GCC_DYNAMIC_NO_PIC = NO;
				GCC_OPTIMIZATION_LEVEL = 0;
				GCC_PREPROCESSOR_DEFINITIONS = (
					"DEBUG=1",
					"$(inherited)",
				);
				GCC_SYMBOLS_PRIVATE_EXTERN = NO;
				GCC_WARN_ABOUT_RETURN_TYPE = YES;
				GCC_WARN_UNINITIALIZED_AUTOS = YES;
				GCC_WARN_UNUSED_VARIABLE = YES;
				IPHONEOS_DEPLOYMENT_TARGET = 6.0;
				SDKROOT = iphoneos;
			};
			name = Debug;
		};
		71C194FE1679627B003621C0 /* Release */ = {
			isa = XCBuildConfiguration;
			buildSettings = {
				ALWAYS_SEARCH_USER_PATHS = NO;
				CLANG_CXX_LANGUAGE_STANDARD = "gnu++0x";
				CLANG_CXX_LIBRARY = "libc++";
				CLANG_WARN_EMPTY_BODY = YES;
				CLANG_WARN__DUPLICATE_METHOD_MATCH = YES;
				"CODE_SIGN_IDENTITY[sdk=iphoneos*]" = "iPhone Developer";
				COPY_PHASE_STRIP = YES;
				GCC_C_LANGUAGE_STANDARD = gnu99;
				GCC_WARN_ABOUT_RETURN_TYPE = YES;
				GCC_WARN_UNINITIALIZED_AUTOS = YES;
				GCC_WARN_UNUSED_VARIABLE = YES;
				IPHONEOS_DEPLOYMENT_TARGET = 6.0;
				OTHER_CFLAGS = "-DNS_BLOCK_ASSERTIONS=1";
				SDKROOT = iphoneos;
				VALIDATE_PRODUCT = YES;
			};
			name = Release;
		};
		71C195001679627B003621C0 /* Debug */ = {
			isa = XCBuildConfiguration;
			buildSettings = {
				GCC_PRECOMPILE_PREFIX_HEADER = YES;
				GCC_PREFIX_HEADER = "BluetoothKeyboardTest/BluetoothKeyboardTest-Prefix.pch";
				INFOPLIST_FILE = "BluetoothKeyboardTest/BluetoothKeyboardTest-Info.plist";
				PRODUCT_NAME = "$(TARGET_NAME)";
				WRAPPER_EXTENSION = app;
			};
			name = Debug;
		};
		71C195011679627B003621C0 /* Release */ = {
			isa = XCBuildConfiguration;
			buildSettings = {
				GCC_PRECOMPILE_PREFIX_HEADER = YES;
				GCC_PREFIX_HEADER = "BluetoothKeyboardTest/BluetoothKeyboardTest-Prefix.pch";
				INFOPLIST_FILE = "BluetoothKeyboardTest/BluetoothKeyboardTest-Info.plist";
				PRODUCT_NAME = "$(TARGET_NAME)";
				WRAPPER_EXTENSION = app;
			};
			name = Release;
		};
/* End XCBuildConfiguration section */

/* Begin XCConfigurationList section */
		71C194D51679627B003621C0 /* Build configuration list for PBXProject "BluetoothKeyboardTest" */ = {
			isa = XCConfigurationList;
			buildConfigurations = (
				71C194FD1679627B003621C0 /* Debug */,
				71C194FE1679627B003621C0 /* Release */,
			);
			defaultConfigurationIsVisible = 0;
			defaultConfigurationName = Release;
		};
		71C194FF1679627B003621C0 /* Build configuration list for PBXNativeTarget "BluetoothKeyboardTest" */ = {
			isa = XCConfigurationList;
			buildConfigurations = (
				71C195001679627B003621C0 /* Debug */,
				71C195011679627B003621C0 /* Release */,
			);
			defaultConfigurationIsVisible = 0;
			defaultConfigurationName = Release;
		};
/* End XCConfigurationList section */
	};
	rootObject = 71C194D21679627B003621C0 /* Project object */;
}
